{
  "nodes": {
    "ags": {
      "inputs": {
        "astal": "astal",
        "nixpkgs": "nixpkgs"
      },
      "locked": {
        "lastModified": 1738087375,
        "narHash": "sha256-GLyNtU9A2VN22jNRHZ2OXuFfTJLh8uEVVt+ftsKUX0c=",
        "owner": "aylur",
        "repo": "ags",
        "rev": "a6a7a0adb17740f4c34a59902701870d46fbb6a4",
        "type": "github"
      },
      "original": {
        "owner": "aylur",
        "repo": "ags",
        "type": "github"
      }
    },
    "astal": {
      "inputs": {
        "nixpkgs": [
          "ags",
          "nixpkgs"
        ]
      },
      "locked": {
        "lastModified": 1737670815,
        "narHash": "sha256-ZCxxshGN7XooabArcoGkYSNx5yVunqjKJi2aTv6cznI=",
        "owner": "aylur",
        "repo": "astal",
        "rev": "127e9cdcbf173846a3c40ddc0abfbb038df48042",
        "type": "github"
      },
      "original": {
        "owner": "aylur",
        "repo": "astal",
        "type": "github"
      }
    },
    "home-manager": {
      "inputs": {
        "nixpkgs": [
          "nixpkgs"
        ]
      },
      "locked": {
        "lastModified": 1743259333,
        "narHash": "sha256-2Fi3K++co4IGbeOLGXdRA6VEfbzQzMgcuBaPTyjfj0s=",
        "owner": "nix-community",
        "repo": "home-manager",
        "rev": "1f679ed2a2ebe3894bad9f89fb0bd9f141c28a68",
        "type": "github"
      },
      "original": {
        "owner": "nix-community",
        "repo": "home-manager",
        "type": "github"
      }
    },
    "moxide": {
      "inputs": {
        "nixpkgs": [
          "nixpkgs"
        ],
        "utils": "utils"
      },
      "locked": {
        "lastModified": 1743157987,
        "narHash": "sha256-5QY6dlLIDJNWea3z3v0P3lzm2B1snllv+0yc9AKN1GQ=",
        "owner": "dlurak",
        "repo": "moxide",
        "rev": "3d42cfc0caf37b4c62e0b795620d1c14c6a259e5",
        "type": "github"
      },
      "original": {
        "owner": "dlurak",
        "repo": "moxide",
        "type": "github"
      }
    },
    "muxbar": {
      "inputs": {
        "naersk": "naersk",
        "nixpkgs": [
          "nixpkgs"
        ],
        "utils": "utils_2"
      },
      "locked": {
        "lastModified": 1742583172,
        "narHash": "sha256-7YZfOHQBKWVNF73G2cNgSMW/m/71ixvoET8inWWTZxA=",
        "owner": "dlurak",
        "repo": "muxbar",
        "rev": "4c223987e1cbc089ffa979ca574c837584296449",
        "type": "github"
      },
      "original": {
        "owner": "dlurak",
        "ref": "personal-config",
        "repo": "muxbar",
        "type": "github"
      }
    },
    "naersk": {
      "inputs": {
        "nixpkgs": "nixpkgs_2"
      },
      "locked": {
        "lastModified": 1739824009,
        "narHash": "sha256-fcNrCMUWVLMG3gKC5M9CBqVOAnJtyRvGPxptQFl5mVg=",
        "owner": "nix-community",
        "repo": "naersk",
        "rev": "e5130d37369bfa600144c2424270c96f0ef0e11d",
        "type": "github"
      },
      "original": {
        "owner": "nix-community",
        "ref": "master",
        "repo": "naersk",
        "type": "github"
      }
    },
    "naersk_2": {
      "inputs": {
        "nixpkgs": "nixpkgs_4"
      },
      "locked": {
        "lastModified": 1739824009,
        "narHash": "sha256-fcNrCMUWVLMG3gKC5M9CBqVOAnJtyRvGPxptQFl5mVg=",
        "owner": "nix-community",
        "repo": "naersk",
        "rev": "e5130d37369bfa600144c2424270c96f0ef0e11d",
        "type": "github"
      },
      "original": {
        "owner": "nix-community",
        "ref": "master",
        "repo": "naersk",
        "type": "github"
      }
    },
    "nixpkgs": {
      "locked": {
        "lastModified": 1737469691,
        "narHash": "sha256-nmKOgAU48S41dTPIXAq0AHZSehWUn6ZPrUKijHAMmIk=",
        "owner": "nixos",
        "repo": "nixpkgs",
        "rev": "9e4d5190a9482a1fb9d18adf0bdb83c6e506eaab",
        "type": "github"
      },
      "original": {
        "owner": "nixos",
        "ref": "nixos-unstable",
        "repo": "nixpkgs",
        "type": "github"
      }
    },
    "nixpkgs_2": {
      "locked": {
        "lastModified": 1731755305,
        "narHash": "sha256-v5P3dk5JdiT+4x69ZaB18B8+Rcu3TIOrcdG4uEX7WZ8=",
        "path": "/nix/store/idq1bmwwy9rlkc21hccvx42wlwpxsx1f-source",
        "rev": "057f63b6dc1a2c67301286152eb5af20747a9cb4",
        "type": "path"
      },
      "original": {
        "id": "nixpkgs",
        "type": "indirect"
      }
    },
    "nixpkgs_3": {
      "locked": {
        "lastModified": 1743095683,
        "narHash": "sha256-gWd4urRoLRe8GLVC/3rYRae1h+xfQzt09xOfb0PaHSk=",
        "owner": "nixos",
        "repo": "nixpkgs",
        "rev": "5e5402ecbcb27af32284d4a62553c019a3a49ea6",
        "type": "github"
      },
      "original": {
        "owner": "nixos",
        "ref": "nixos-unstable",
        "repo": "nixpkgs",
        "type": "github"
      }
    },
    "nixpkgs_4": {
      "locked": {
        "lastModified": 0,
        "narHash": "sha256-Q6pMP4a9ed636qilcYX8XUguvKl/0/LGXhHcRI91p0U=",
        "path": "/nix/store/xq5rfjj1z2r8yx338arajg5vwsxh1fri-source",
        "type": "path"
      },
      "original": {
        "id": "nixpkgs",
        "type": "indirect"
      }
    },
    "retch": {
      "inputs": {
        "naersk": "naersk_2",
        "nixpkgs": [
          "nixpkgs"
        ],
        "utils": "utils_3"
      },
      "locked": {
        "lastModified": 1741457677,
        "narHash": "sha256-MkkNHk72QRSWCjVnPonIv1EkyKkZiytu1By2VQ5XvFM=",
        "owner": "dlurak",
        "repo": "retch",
        "rev": "88e985a432e284aa69c7a31c62c4cbc7b8e38d7b",
        "type": "github"
      },
      "original": {
        "owner": "dlurak",
        "repo": "retch",
        "type": "github"
      }
    },
    "root": {
      "inputs": {
        "ags": "ags",
        "home-manager": "home-manager",
        "moxide": "moxide",
        "muxbar": "muxbar",
        "nixpkgs": "nixpkgs_3",
        "retch": "retch",
        "spicetify-nix": "spicetify-nix"
      }
    },
    "spicetify-nix": {
      "inputs": {
        "nixpkgs": [
          "nixpkgs"
        ],
        "systems": "systems_4"
      },
      "locked": {
        "lastModified": 1742854930,
        "narHash": "sha256-yry0JTKn3TotaCIgBjIl8rSsnqqxqT01rtJQUc0PeOA=",
        "owner": "Gerg-L",
        "repo": "spicetify-nix",
        "rev": "32663bb5e4dce31d252b1ba02deb3631d220d74e",
        "type": "github"
      },
      "original": {
        "owner": "Gerg-L",
        "repo": "spicetify-nix",
        "type": "github"
      }
    },
    "systems": {
      "locked": {
        "lastModified": 1681028828,
        "narHash": "sha256-Vy1rq5AaRuLzOxct8nz4T6wlgyUR7zLU309k9mBC768=",
        "owner": "nix-systems",
        "repo": "default",
        "rev": "da67096a3b9bf56a91d16901293e51ba5b49a27e",
        "type": "github"
      },
      "original": {
        "owner": "nix-systems",
        "repo": "default",
        "type": "github"
      }
    },
    "systems_2": {
      "locked": {
        "lastModified": 1681028828,
        "narHash": "sha256-Vy1rq5AaRuLzOxct8nz4T6wlgyUR7zLU309k9mBC768=",
        "owner": "nix-systems",
        "repo": "default",
        "rev": "da67096a3b9bf56a91d16901293e51ba5b49a27e",
        "type": "github"
      },
      "original": {
        "owner": "nix-systems",
        "repo": "default",
        "type": "github"
      }
    },
    "systems_3": {
      "locked": {
        "lastModified": 1681028828,
        "narHash": "sha256-Vy1rq5AaRuLzOxct8nz4T6wlgyUR7zLU309k9mBC768=",
        "owner": "nix-systems",
        "repo": "default",
        "rev": "da67096a3b9bf56a91d16901293e51ba5b49a27e",
        "type": "github"
      },
      "original": {
        "owner": "nix-systems",
        "repo": "default",
        "type": "github"
      }
    },
    "systems_4": {
      "locked": {
        "lastModified": 1681028828,
        "narHash": "sha256-Vy1rq5AaRuLzOxct8nz4T6wlgyUR7zLU309k9mBC768=",
        "owner": "nix-systems",
        "repo": "default",
        "rev": "da67096a3b9bf56a91d16901293e51ba5b49a27e",
        "type": "github"
      },
      "original": {
        "owner": "nix-systems",
        "repo": "default",
        "type": "github"
      }
    },
    "utils": {
      "inputs": {
        "systems": "systems"
      },
      "locked": {
        "lastModified": 1731533236,
        "narHash": "sha256-l0KFg5HjrsfsO/JpG+r7fRrqm12kzFHyUHqHCVpMMbI=",
        "owner": "numtide",
        "repo": "flake-utils",
        "rev": "11707dc2f618dd54ca8739b309ec4fc024de578b",
        "type": "github"
      },
      "original": {
        "owner": "numtide",
        "repo": "flake-utils",
        "type": "github"
      }
    },
    "utils_2": {
      "inputs": {
        "systems": "systems_2"
      },
      "locked": {
        "lastModified": 1731533236,
        "narHash": "sha256-l0KFg5HjrsfsO/JpG+r7fRrqm12kzFHyUHqHCVpMMbI=",
        "owner": "numtide",
        "repo": "flake-utils",
        "rev": "11707dc2f618dd54ca8739b309ec4fc024de578b",
        "type": "github"
      },
      "original": {
        "owner": "numtide",
        "repo": "flake-utils",
        "type": "github"
      }
    },
    "utils_3": {
      "inputs": {
        "systems": "systems_3"
      },
      "locked": {
        "lastModified": 1731533236,
        "narHash": "sha256-l0KFg5HjrsfsO/JpG+r7fRrqm12kzFHyUHqHCVpMMbI=",
        "owner": "numtide",
        "repo": "flake-utils",
        "rev": "11707dc2f618dd54ca8739b309ec4fc024de578b",
        "type": "github"
      },
      "original": {
        "owner": "numtide",
        "repo": "flake-utils",
        "type": "github"
      }
    }
  },
  "root": "root",
  "version": 7
}
